# THIS IS AN AUTOGENERATED FILE. DO NOT EDIT THIS FILE DIRECTLY.
# yarn lockfile v1


"@budarin/deep-equal@^1.0.0":
  version "1.0.0"
  resolved "https://registry.yarnpkg.com/@budarin/deep-equal/-/deep-equal-1.0.0.tgz#6b44940fac656b98abd713f880acfb01b8f5a913"
  integrity sha512-8uZe4NmOETs107+m5WtTPmOBPpt97q+uNfLTWKsRYaP3lKvOfMJz7Q4JyyOFGkW8hLtsRYIBiJeGyT6HTfMEcQ==

"@budarin/json-rpc-interface@^1.0.2":
  version "1.0.3"
  resolved "https://registry.yarnpkg.com/@budarin/json-rpc-interface/-/json-rpc-interface-1.0.3.tgz#6368c7ece9ed5bfb16bf57d462f6a47a2b9dfd8e"
  integrity sha512-hC6q4XtsKr4slZhqZQLSCOdGUqnWuwuHW6l/U5O4O+tfQBc4rnogXzcqcuUARu0xV0/95cZVRkWqsOsHEpTOOg==

"@budarin/service-stub@^1.0.1":
  version "1.0.1"
  resolved "https://registry.yarnpkg.com/@budarin/service-stub/-/service-stub-1.0.1.tgz#e92ca0d205e163ea4b6cbd27d36bd92f11dd5fd7"
  integrity sha512-5AVE/TuMWC2EZi4svBa7Bs/0wtqkQNz7OltWTN1CiafbojGZdBI95435ip7XnH34ahCGrd7hCW71RVZudSOAZg==

"@budarin/validate.ts@^1.0.4":
  version "1.0.4"
  resolved "https://registry.yarnpkg.com/@budarin/validate.ts/-/validate.ts-1.0.4.tgz#c032efad5ef85c85784e8fc51d41ef2bd61e1e16"
  integrity sha512-cHgEOk+ydFpvxEX1KYN3wa1PawhC3Ya6qp1pQFyXcLbszLVVRQmkw/SetX0tj1I22SExylEoTvTB/eY1IkNgiQ==
  dependencies:
    "@budarin/json-rpc-interface" "^1.0.2"

typescript@^5.3.2:
  version "5.3.3"
  resolved "https://registry.yarnpkg.com/typescript/-/typescript-5.3.3.tgz#b3ce6ba258e72e6305ba66f5c9b452aaee3ffe37"
  integrity sha512-pXWcraxM0uxAS+tN0AG/BF2TyqmHO014Z070UsJ+pFvYuRSq8KH8DmWpnbXe0pEPDHXZV3FcAbJkijJ5oNEnWw==

use-sync-external-store@1.2.0:
  version "1.2.0"
  resolved "https://registry.yarnpkg.com/use-sync-external-store/-/use-sync-external-store-1.2.0.tgz#7dbefd6ef3fe4e767a0cf5d7287aacfb5846928a"
  integrity sha512-eEgnFxGQ1Ife9bzYs6VLi8/4X6CObHMw9Qr9tPY43iKwsPw8xE8+EFsf/2cFZ5S3esXgpWgtSCtLNS41F+sKPA==

zustand@^4.4.7:
  version "4.4.7"
  resolved "https://registry.yarnpkg.com/zustand/-/zustand-4.4.7.tgz#355406be6b11ab335f59a66d2cf9815e8f24038c"
  integrity sha512-QFJWJMdlETcI69paJwhSMJz7PPWjVP8Sjhclxmxmxv/RYI7ZOvR5BHX+ktH0we9gTWQMxcne8q1OY8xxz604gw==
  dependencies:
    use-sync-external-store "1.2.0"
