# THIS IS AN AUTOGENERATED FILE. DO NOT EDIT THIS FILE DIRECTLY.
# yarn lockfile v1


"@budarin/deep-equal@^1.0.0":
  version "1.0.0"
  resolved "https://registry.yarnpkg.com/@budarin/deep-equal/-/deep-equal-1.0.0.tgz#6b44940fac656b98abd713f880acfb01b8f5a913"
  integrity sha512-8uZe4NmOETs107+m5WtTPmOBPpt97q+uNfLTWKsRYaP3lKvOfMJz7Q4JyyOFGkW8hLtsRYIBiJeGyT6HTfMEcQ==

"@budarin/json-rpc-interface@^1.0.2":
  version "1.0.3"
  resolved "https://registry.yarnpkg.com/@budarin/json-rpc-interface/-/json-rpc-interface-1.0.3.tgz#6368c7ece9ed5bfb16bf57d462f6a47a2b9dfd8e"
  integrity sha512-hC6q4XtsKr4slZhqZQLSCOdGUqnWuwuHW6l/U5O4O+tfQBc4rnogXzcqcuUARu0xV0/95cZVRkWqsOsHEpTOOg==

"@budarin/service-stub@^1.0.2":
  version "1.0.2"
  resolved "https://registry.yarnpkg.com/@budarin/service-stub/-/service-stub-1.0.2.tgz#e6637bf5de2b335a0e0610e033a2a7692f684cde"
  integrity sha512-hgcbSRsKuoL8tchVWKru/bEm2ZO5su1Vgo4kmWj/eUKM1rJpZAzdlv1MN01XjZJS3NVwR8+ctMBeEFDWLAkUZw==

"@budarin/validate.ts@^1.0.6":
  version "1.0.6"
  resolved "https://registry.yarnpkg.com/@budarin/validate.ts/-/validate.ts-1.0.6.tgz#72ce6df54f1e90e61d52db12ddfe410cf80c8633"
  integrity sha512-cxZ1rDXVgexuYSWM9FGg77t9xRH5mShzOKm9IBO2ziRqpcxVEn7bWwN3lNP+EUZ7gU6GjpO5tyuGxHwxGGfXiQ==
  dependencies:
    "@budarin/json-rpc-interface" "^1.0.2"

typescript@^5.3.2:
  version "5.3.3"
  resolved "https://registry.yarnpkg.com/typescript/-/typescript-5.3.3.tgz#b3ce6ba258e72e6305ba66f5c9b452aaee3ffe37"
  integrity sha512-pXWcraxM0uxAS+tN0AG/BF2TyqmHO014Z070UsJ+pFvYuRSq8KH8DmWpnbXe0pEPDHXZV3FcAbJkijJ5oNEnWw==

use-sync-external-store@1.2.0:
  version "1.2.0"
  resolved "https://registry.yarnpkg.com/use-sync-external-store/-/use-sync-external-store-1.2.0.tgz#7dbefd6ef3fe4e767a0cf5d7287aacfb5846928a"
  integrity sha512-eEgnFxGQ1Ife9bzYs6VLi8/4X6CObHMw9Qr9tPY43iKwsPw8xE8+EFsf/2cFZ5S3esXgpWgtSCtLNS41F+sKPA==

zustand@^4.4.7:
  version "4.4.7"
  resolved "https://registry.yarnpkg.com/zustand/-/zustand-4.4.7.tgz#355406be6b11ab335f59a66d2cf9815e8f24038c"
  integrity sha512-QFJWJMdlETcI69paJwhSMJz7PPWjVP8Sjhclxmxmxv/RYI7ZOvR5BHX+ktH0we9gTWQMxcne8q1OY8xxz604gw==
  dependencies:
    use-sync-external-store "1.2.0"
